// !$*UTF8*$!
{
	archiveVersion = 1;
	classes = {
	};
	objectVersion = 71;
	objects = {

/* Begin PBXBuildFile section */
		A10000000000000000000001 /* main.m in Sources */ = {isa = PBXBuildFile; fileRef = A10000000000000000000002 /* main.m */; };
		A10000000000000000000014 /* libprogred.a in Frameworks */ = {isa = PBXBuildFile; fileRef = A10000000000000000000015 /* libprogred.a */; };
/* End PBXBuildFile section */

/* Begin PBXFileReference section */
		A10000000000000000000002 /* main.m */ = {isa = PBXFileReference; lastKnownFileType = sourcecode.c.objc; path = main.m; sourceTree = "<group>"; };
		A10000000000000000000003 /* Info.plist */ = {isa = PBXFileReference; lastKnownFileType = text.plist.xml; path = Info.plist; sourceTree = "<group>"; };
		A10000000000000000000004 /* Progred.app */ = {isa = PBXFileReference; explicitFileType = wrapper.application; includeInIndex = 0; path = Progred.app; sourceTree = BUILT_PRODUCTS_DIR; };
		A10000000000000000000015 /* libprogred.a */ = {isa = PBXFileReference; lastKnownFileType = archive.ar; name = libprogred.a; path = libprogred.a; sourceTree = PROGRED_RUST_LIBRARY_DIR; };
/* End PBXFileReference section */

/* Begin PBXFrameworksBuildPhase section */
		A10000000000000000000005 /* Frameworks */ = {
			isa = PBXFrameworksBuildPhase;
			buildActionMask = 2147483647;
			files = (
				A10000000000000000000014 /* libprogred.a in Frameworks */,
			);
			runOnlyForDeploymentPostprocessing = 0;
		};
/* End PBXFrameworksBuildPhase section */

/* Begin PBXGroup section */
		A10000000000000000000006 = {
			isa = PBXGroup;
			children = (
				A10000000000000000000007 /* Progred */,
				A10000000000000000000008 /* Products */,
				A10000000000000000000015 /* libprogred.a */,
			);
			sourceTree = "<group>";
		};
		A10000000000000000000007 /* Progred */ = {
			isa = PBXGroup;
			children = (
				A10000000000000000000002 /* main.m */,
				A10000000000000000000003 /* Info.plist */,
			);
			path = Progred;
			sourceTree = "<group>";
		};
		A10000000000000000000008 /* Products */ = {
			isa = PBXGroup;
			children = (
				A10000000000000000000004 /* Progred.app */,
			);
			name = Products;
			sourceTree = "<group>";
		};
/* End PBXGroup section */

/* Begin PBXNativeTarget section */
		A10000000000000000000009 /* Progred */ = {
			isa = PBXNativeTarget;
			buildConfigurationList = A1000000000000000000000A /* Build configuration list for PBXNativeTarget "Progred" */;
			buildPhases = (
				A10000000000000000000013 /* Build Rust library */,
				A1000000000000000000000B /* Sources */,
				A10000000000000000000005 /* Frameworks */,
				A1000000000000000000000C /* Resources */,
			);
			buildRules = (
			);
			dependencies = (
			);
			name = Progred;
			productName = Progred;
			productReference = A10000000000000000000004 /* Progred.app */;
			productType = "com.apple.product-type.application";
		};
/* End PBXNativeTarget section */

/* Begin PBXProject section */
		A1000000000000000000000D /* Project object */ = {
			isa = PBXProject;
			attributes = {
				BuildIndependentTargetsInParallel = 1;
				LastUpgradeCheck = 2600;
				TargetAttributes = {
					A10000000000000000000009 = {
						CreatedOnToolsVersion = 26.0;
					};
				};
			};
			buildConfigurationList = A1000000000000000000000E /* Build configuration list for PBXProject "Progred" */;
			compatibilityVersion = "Xcode 16.0";
			developmentRegion = en;
			hasScannedForEncodings = 0;
			knownRegions = (
				en,
				Base,
			);
			mainGroup = A10000000000000000000006;
			productRefGroup = A10000000000000000000008 /* Products */;
			projectDirPath = "";
			projectRoot = "";
			targets = (
				A10000000000000000000009 /* Progred */,
			);
		};
/* End PBXProject section */

/* Begin PBXResourcesBuildPhase section */
		A1000000000000000000000C /* Resources */ = {
			isa = PBXResourcesBuildPhase;
			buildActionMask = 2147483647;
			files = (
			);
			runOnlyForDeploymentPostprocessing = 0;
		};
/* End PBXResourcesBuildPhase section */

/* Begin PBXShellScriptBuildPhase section */
		A10000000000000000000013 /* Build Rust library */ = {
			isa = PBXShellScriptBuildPhase;
			alwaysOutOfDate = 1;
			buildActionMask = 2147483647;
			files = (
			);
			inputFileListPaths = (
			);
			inputPaths = (
			);
			name = "Build Rust library";
			outputFileListPaths = (
			);
			outputPaths = (
				"$(PROGRED_RUST_LIBRARY)",
			);
			runOnlyForDeploymentPostprocessing = 0;
			shellPath = /bin/sh;
			shellScript = "\"${SRCROOT}/../tools/build-ipad-rust\"\n";
			showEnvVarsInLog = 0;
		};
/* End PBXShellScriptBuildPhase section */

/* Begin PBXSourcesBuildPhase section */
		A1000000000000000000000B /* Sources */ = {
			isa = PBXSourcesBuildPhase;
			buildActionMask = 2147483647;
			files = (
				A10000000000000000000001 /* main.m in Sources */,
			);
			runOnlyForDeploymentPostprocessing = 0;
		};
/* End PBXSourcesBuildPhase section */

/* Begin XCBuildConfiguration section */
		A1000000000000000000000F /* Debug */ = {
			isa = XCBuildConfiguration;
			buildSettings = {
				CLANG_ENABLE_MODULES = YES;
				IPHONEOS_DEPLOYMENT_TARGET = 17.0;
				SDKROOT = iphoneos;
			};
			name = Debug;
		};
		A10000000000000000000010 /* Release */ = {
			isa = XCBuildConfiguration;
			buildSettings = {
				CLANG_ENABLE_MODULES = YES;
				IPHONEOS_DEPLOYMENT_TARGET = 17.0;
				SDKROOT = iphoneos;
			};
			name = Release;
		};
		A10000000000000000000011 /* Debug */ = {
			isa = XCBuildConfiguration;
			buildSettings = {
				ARCHS = arm64;
				CODE_SIGN_STYLE = Automatic;
				DEVELOPMENT_TEAM = 42M44KBSH2;
				ENABLE_USER_SCRIPT_SANDBOXING = NO;
				GENERATE_INFOPLIST_FILE = NO;
				INFOPLIST_FILE = Progred/Info.plist;
				OTHER_LDFLAGS = (
					"$(inherited)",
					"-framework",
					UIKit,
					"-framework",
					Foundation,
					"-framework",
					CoreFoundation,
					"-framework",
					QuartzCore,
					"-framework",
					Metal,
					"-framework",
					CoreText,
					"-liconv",
				);
				PRODUCT_BUNDLE_IDENTIFIER = com.progred.prototype.ios;
				PRODUCT_NAME = "$(TARGET_NAME)";
				LIBRARY_SEARCH_PATHS = "$(PROGRED_RUST_LIBRARY_DIR)";
				PROGRED_RUST_LIBRARY = "$(PROGRED_RUST_LIBRARY_DIR)/libprogred.a";
				"PROGRED_RUST_LIBRARY_DIR[sdk=iphoneos*]" = "$(SRCROOT)/../target/sandbox/build/aarch64-apple-ios/release";
				"PROGRED_RUST_LIBRARY_DIR[sdk=iphonesimulator*]" = "$(SRCROOT)/../target/sandbox/build/aarch64-apple-ios-sim/release";
				SUPPORTED_PLATFORMS = "iphoneos iphonesimulator";
				SUPPORTS_MACCATALYST = NO;
				TARGETED_DEVICE_FAMILY = 2;
			};
			name = Debug;
		};
		A10000000000000000000012 /* Release */ = {
			isa = XCBuildConfiguration;
			buildSettings = {
				ARCHS = arm64;
				CODE_SIGN_STYLE = Automatic;
				DEAD_CODE_STRIPPING = YES;
				DEVELOPMENT_TEAM = 42M44KBSH2;
				ENABLE_USER_SCRIPT_SANDBOXING = NO;
				GENERATE_INFOPLIST_FILE = NO;
				INFOPLIST_FILE = Progred/Info.plist;
				OTHER_LDFLAGS = (
					"$(inherited)",
					"-framework",
					UIKit,
					"-framework",
					Foundation,
					"-framework",
					CoreFoundation,
					"-framework",
					QuartzCore,
					"-framework",
					Metal,
					"-framework",
					CoreText,
					"-liconv",
				);
				PRODUCT_BUNDLE_IDENTIFIER = com.progred.prototype.ios;
				PRODUCT_NAME = "$(TARGET_NAME)";
				LIBRARY_SEARCH_PATHS = "$(PROGRED_RUST_LIBRARY_DIR)";
				PROGRED_RUST_LIBRARY = "$(PROGRED_RUST_LIBRARY_DIR)/libprogred.a";
				"PROGRED_RUST_LIBRARY_DIR[sdk=iphoneos*]" = "$(SRCROOT)/../target/sandbox/build/aarch64-apple-ios/release";
				"PROGRED_RUST_LIBRARY_DIR[sdk=iphonesimulator*]" = "$(SRCROOT)/../target/sandbox/build/aarch64-apple-ios-sim/release";
				SUPPORTED_PLATFORMS = "iphoneos iphonesimulator";
				SUPPORTS_MACCATALYST = NO;
				TARGETED_DEVICE_FAMILY = 2;
			};
			name = Release;
		};
/* End XCBuildConfiguration section */

/* Begin XCConfigurationList section */
		A1000000000000000000000A /* Build configuration list for PBXNativeTarget "Progred" */ = {
			isa = XCConfigurationList;
			buildConfigurations = (
				A10000000000000000000011 /* Debug */,
				A10000000000000000000012 /* Release */,
			);
			defaultConfigurationIsVisible = 0;
			defaultConfigurationName = Release;
		};
		A1000000000000000000000E /* Build configuration list for PBXProject "Progred" */ = {
			isa = XCConfigurationList;
			buildConfigurations = (
				A1000000000000000000000F /* Debug */,
				A10000000000000000000010 /* Release */,
			);
			defaultConfigurationIsVisible = 0;
			defaultConfigurationName = Release;
		};
/* End XCConfigurationList section */
	};
	rootObject = A1000000000000000000000D /* Project object */;
}
